
Microsoft Visual Studio Solution File, Format Version 12.00
# Visual Studio 15
VisualStudioVersion = 15.0.27004.2006
MinimumVisualStudioVersion = 10.0.40219.1
Project("{FAE04EC0-301F-11D3-BF4B-00C04F79EFBC}") = "SampleLogin", "SampleLogin\SampleLogin.csproj", "{B4F1D357-404B-45CD-93EA-8ED66FDAAF22}"
EndProject
Global
	GlobalSection(SolutionConfigurationPlatforms) = preSolution
		Debug|Any CPU = Debug|Any CPU
		Release|Any CPU = Release|Any CPU
	EndGlobalSection
	GlobalSection(ProjectConfigurationPlatforms) = postSolution
		{B4F1D357-404B-45CD-93EA-8ED66FDAAF22}.Debug|Any CPU.ActiveCfg = Debug|Any CPU
		{B4F1D357-404B-45CD-93EA-8ED66FDAAF22}.Debug|Any CPU.Build.0 = Debug|Any CPU
		{B4F1D357-404B-45CD-93EA-8ED66FDAAF22}.Release|Any CPU.ActiveCfg = Release|Any CPU
		{B4F1D357-404B-45CD-93EA-8ED66FDAAF22}.Release|Any CPU.Build.0 = Release|Any CPU
	EndGlobalSection
	GlobalSection(SolutionProperties) = preSolution
		HideSolutionNode = FALSE
	EndGlobalSection
	GlobalSection(ExtensibilityGlobals) = postSolution
		SolutionGuid = {46F46DFF-ADC7-400D-9698-250BAD918043}
	EndGlobalSection
EndGlobal
